
Microsoft Visual Studio Solution File, Format Version 12.00
# Visual Studio Version 17
VisualStudioVersion = 17.12.35521.163
MinimumVisualStudioVersion = 10.0.40219.1
Project("{2150E333-8FDC-42A3-9474-1A3956D46DE8}") = "Task0", "Task0", "{96B86468-0B88-4B75-B7DB-564FE5D2951C}"
EndProject
Project("{FAE04EC0-301F-11D3-BF4B-00C04F79EFBC}") = "Tyuiu.KhabibullinMR.Sprint6.Task0.V4", "Tyuiu.KhabibullinMR.Sprint6.Task0.V4\Tyuiu.KhabibullinMR.Sprint6.Task0.V4.csproj", "{F53D8846-F68B-4B48-8148-7D3758BEB2C6}"
EndProject
Project("{FAE04EC0-301F-11D3-BF4B-00C04F79EFBC}") = "Tyuiu.KhabibullinMR.Sprint6.Task0.V4.Lib", "Tyuiu.KhabibullinMR.Sprint6.Task0.V4.Lib\Tyuiu.KhabibullinMR.Sprint6.Task0.V4.Lib.csproj", "{59E658EF-A6F0-45F3-8821-60F4FFE7A63B}"
EndProject
Project("{FAE04EC0-301F-11D3-BF4B-00C04F79EFBC}") = "Tyuiu.KhabibullinMR.Sprint6.Task0.V4.Test", "Tyuiu.KhabibullinMR.Sprint6.Task0.V4.Test\Tyuiu.KhabibullinMR.Sprint6.Task0.V4.Test.csproj", "{15B18557-1192-4E03-8543-E09036A291D0}"
EndProject
Project("{2150E333-8FDC-42A3-9474-1A3956D46DE8}") = "Task1", "Task1", "{A206D397-5013-4ECB-9FDF-9858C4ED05AF}"
EndProject
Project("{FAE04EC0-301F-11D3-BF4B-00C04F79EFBC}") = "Tyuiu.KhabibullinMR.Sprint6.Task1.V13", "Tyuiu.KhabibullinMR.Sprint6.Task1.V13\Tyuiu.KhabibullinMR.Sprint6.Task1.V13.csproj", "{DE80BDF6-6A1D-43D6-B434-5C26CB8AB6A1}"
EndProject
Project("{FAE04EC0-301F-11D3-BF4B-00C04F79EFBC}") = "Tyuiu.KhabibullinMR.Sprint6.Task1.V13.Lib", "Tyuiu.KhabibullinMR.Sprint6.Task1.V13.Lib\Tyuiu.KhabibullinMR.Sprint6.Task1.V13.Lib.csproj", "{682EF254-5DB3-4D5C-AFAF-26A9803D998E}"
EndProject
Project("{FAE04EC0-301F-11D3-BF4B-00C04F79EFBC}") = "Tyuiu.KhabibullinMR.Sprint6.Task1.V13.Test", "Tyuiu.KhabibullinMR.Sprint6.Task1.V13.Test\Tyuiu.KhabibullinMR.Sprint6.Task1.V13.Test.csproj", "{EC836A4B-6FFF-4FEB-8CA0-8E944165EE07}"
EndProject
Project("{2150E333-8FDC-42A3-9474-1A3956D46DE8}") = "Task2", "Task2", "{F51D49A5-C885-4F40-99D5-87296C757475}"
EndProject
Project("{FAE04EC0-301F-11D3-BF4B-00C04F79EFBC}") = "Tyuiu.KhabibullinMR.Sprint6.Task2.V28", "Tyuiu.KhabibullinMR.Sprint6.Task2.V28\Tyuiu.KhabibullinMR.Sprint6.Task2.V28.csproj", "{A86B9F26-31F6-4846-AF66-BE26A2D83845}"
EndProject
Project("{FAE04EC0-301F-11D3-BF4B-00C04F79EFBC}") = "Tyuiu.KhabibullinMR.Sprint6.Task2.V28.Lib", "Tyuiu.KhabibullinMR.Sprint6.Task2.V28.Lib\Tyuiu.KhabibullinMR.Sprint6.Task2.V28.Lib.csproj", "{4335CEF7-B062-4D4B-ACFA-FCD45E204179}"
EndProject
Project("{FAE04EC0-301F-11D3-BF4B-00C04F79EFBC}") = "Tyuiu.KhabibullinMR.Sprint6.Task2.V28.Test", "Tyuiu.KhabibullinMR.Sprint6.Task2.V28.Test\Tyuiu.KhabibullinMR.Sprint6.Task2.V28.Test.csproj", "{DD08A1FE-D716-4AA4-B538-801C026693BA}"
EndProject
Project("{2150E333-8FDC-42A3-9474-1A3956D46DE8}") = "Task3", "Task3", "{51F2EA3E-9ADA-4360-826B-90CA3E11019F}"
EndProject
Project("{FAE04EC0-301F-11D3-BF4B-00C04F79EFBC}") = "Tyuiu.KhabibullinMR.Sprint6.Task3.V7", "Tyuiu.KhabibullinMR.Sprint6.Task3.V7\Tyuiu.KhabibullinMR.Sprint6.Task3.V7.csproj", "{337E63B6-3D80-46FA-B7AA-6F80AEFA173E}"
EndProject
Project("{FAE04EC0-301F-11D3-BF4B-00C04F79EFBC}") = "Tyuiu.KhabibullinMR.Sprint6.Task3.V7.Lib", "Tyuiu.KhabibullinMR.Sprint6.Task3.V7.Lib\Tyuiu.KhabibullinMR.Sprint6.Task3.V7.Lib.csproj", "{414DD0B8-253C-4D76-9650-AEA50CBF08DD}"
EndProject
Project("{FAE04EC0-301F-11D3-BF4B-00C04F79EFBC}") = "Tyuiu.KhabibullinMR.Sprint6.Task3.V7.Test", "Tyuiu.KhabibullinMR.Sprint6.Task3.V7.Test\Tyuiu.KhabibullinMR.Sprint6.Task3.V7.Test.csproj", "{D292C4C3-1640-4A47-8544-E336206F4883}"
EndProject
Project("{2150E333-8FDC-42A3-9474-1A3956D46DE8}") = "Task4", "Task4", "{71E30B0A-9DBC-415E-9CEB-534A1F2E97D7}"
EndProject
Project("{FAE04EC0-301F-11D3-BF4B-00C04F79EFBC}") = "Tyuiu.KhabibullinMR.Sprint6.Task4.V1", "Tyuiu.KhabibullinMR.Sprint6.Task4.V1\Tyuiu.KhabibullinMR.Sprint6.Task4.V1.csproj", "{FA0CB24C-D463-4B15-AE24-541EB2D86592}"
EndProject
Project("{FAE04EC0-301F-11D3-BF4B-00C04F79EFBC}") = "Tyuiu.KhabibullinMR.Sprint6.Task4.V1.Lib", "Tyuiu.KhabibullinMR.Sprint6.Task4.V1.Lib\Tyuiu.KhabibullinMR.Sprint6.Task4.V1.Lib.csproj", "{D9572FE9-E142-4B74-9AF7-3BED014AB05A}"
EndProject
Project("{FAE04EC0-301F-11D3-BF4B-00C04F79EFBC}") = "Tyuiu.KhabibullinMR.Sprint6.Task4.V1.Test", "Tyuiu.KhabibullinMR.Sprint6.Task4.V1.Test\Tyuiu.KhabibullinMR.Sprint6.Task4.V1.Test.csproj", "{93D346D5-AA47-4F9C-839A-10238FB6A4B9}"
EndProject
Project("{2150E333-8FDC-42A3-9474-1A3956D46DE8}") = "Task6", "Task6", "{C92824F4-3C4F-46D6-B478-D9BFF1223418}"
EndProject
Project("{FAE04EC0-301F-11D3-BF4B-00C04F79EFBC}") = "Tyuiu.KhabibullinMR.Sprint6.Task6.V2", "Tyuiu.KhabibullinMR.Sprint6.Task6.V2\Tyuiu.KhabibullinMR.Sprint6.Task6.V2.csproj", "{D2FEA1C2-F391-4B14-8C91-F78399AC66BC}"
EndProject
Project("{FAE04EC0-301F-11D3-BF4B-00C04F79EFBC}") = "Tyuiu.KhabibullinMR.Sprint6.Task6.V2.Lib", "Tyuiu.KhabibullinMR.Sprint6.Task6.V2.Lib\Tyuiu.KhabibullinMR.Sprint6.Task6.V2.Lib.csproj", "{68BBCAAD-0616-4C0D-945B-273DE18B3D41}"
EndProject
Project("{FAE04EC0-301F-11D3-BF4B-00C04F79EFBC}") = "Tyuiu.KhabibullinMR.Sprint6.Task6.V2.Test", "Tyuiu.KhabibullinMR.Sprint6.Task6.V2.Test\Tyuiu.KhabibullinMR.Sprint6.Task6.V2.Test.csproj", "{E63CA7A6-E944-4C6E-8AB6-49FF2C4073D5}"
EndProject
Project("{2150E333-8FDC-42A3-9474-1A3956D46DE8}") = "Task5", "Task5", "{A7071DF9-1553-49D5-B295-D7012FCBC8AF}"
EndProject
Project("{FAE04EC0-301F-11D3-BF4B-00C04F79EFBC}") = "Tyuiu.KhabibullinMR.Sprint6.Task5.V30", "Tyuiu.KhabibullinMR.Sprint6.Task5.V30\Tyuiu.KhabibullinMR.Sprint6.Task5.V30.csproj", "{955FC501-4C95-4D5B-B9CC-CB312F39BEC8}"
EndProject
Project("{FAE04EC0-301F-11D3-BF4B-00C04F79EFBC}") = "Tyuiu.KhabibullinMR.Sprint6.Task5.V30.Lib", "Tyuiu.KhabibullinMR.Sprint6.Task5.V30.Lib\Tyuiu.KhabibullinMR.Sprint6.Task5.V30.Lib.csproj", "{5B68EA41-8095-4D3E-9DF7-AA7F247EA432}"
EndProject
Project("{FAE04EC0-301F-11D3-BF4B-00C04F79EFBC}") = "Tyuiu.KhabibullinMR.Sprint6.Task5.V30.Test", "Tyuiu.KhabibullinMR.Sprint6.Task5.V30.Test\Tyuiu.KhabibullinMR.Sprint6.Task5.V30.Test.csproj", "{A27F5A2D-D11C-4F4C-AC67-3C621E059BFF}"
EndProject
Project("{2150E333-8FDC-42A3-9474-1A3956D46DE8}") = "Task7", "Task7", "{4BC8D433-5A0C-48A9-82C5-EA789CC63F01}"
EndProject
Project("{FAE04EC0-301F-11D3-BF4B-00C04F79EFBC}") = "Tyuiu.KhabibullinMR.Sprint6.Task7.V28", "Tyuiu.KhabibullinMR.Sprint6.Task7.V28\Tyuiu.KhabibullinMR.Sprint6.Task7.V28.csproj", "{2D0EF626-E70D-4789-9391-D2349B3733AB}"
EndProject
Project("{FAE04EC0-301F-11D3-BF4B-00C04F79EFBC}") = "Tyuiu.KhabibullinMR.Sprint6.Task7.V28.Lib", "Tyuiu.KhabibullinMR.Sprint6.Task7.V28.Lib\Tyuiu.KhabibullinMR.Sprint6.Task7.V28.Lib.csproj", "{04227965-4DAF-49E9-9FA6-2A93311FE628}"
EndProject
Project("{FAE04EC0-301F-11D3-BF4B-00C04F79EFBC}") = "Tyuiu.KhabibullinMR.Sprint6.Task7.V28.Test", "Tyuiu.KhabibullinMR.Sprint6.Task7.V28.Test\Tyuiu.KhabibullinMR.Sprint6.Task7.V28.Test.csproj", "{4532B2E5-35AA-403B-A68A-F464ACC916DB}"
EndProject
Global
	GlobalSection(SolutionConfigurationPlatforms) = preSolution
		Debug|Any CPU = Debug|Any CPU
		Release|Any CPU = Release|Any CPU
	EndGlobalSection
	GlobalSection(ProjectConfigurationPlatforms) = postSolution
		{F53D8846-F68B-4B48-8148-7D3758BEB2C6}.Debug|Any CPU.ActiveCfg = Debug|Any CPU
		{F53D8846-F68B-4B48-8148-7D3758BEB2C6}.Debug|Any CPU.Build.0 = Debug|Any CPU
		{F53D8846-F68B-4B48-8148-7D3758BEB2C6}.Release|Any CPU.ActiveCfg = Release|Any CPU
		{F53D8846-F68B-4B48-8148-7D3758BEB2C6}.Release|Any CPU.Build.0 = Release|Any CPU
		{59E658EF-A6F0-45F3-8821-60F4FFE7A63B}.Debug|Any CPU.ActiveCfg = Debug|Any CPU
		{59E658EF-A6F0-45F3-8821-60F4FFE7A63B}.Debug|Any CPU.Build.0 = Debug|Any CPU
		{59E658EF-A6F0-45F3-8821-60F4FFE7A63B}.Release|Any CPU.ActiveCfg = Release|Any CPU
		{59E658EF-A6F0-45F3-8821-60F4FFE7A63B}.Release|Any CPU.Build.0 = Release|Any CPU
		{15B18557-1192-4E03-8543-E09036A291D0}.Debug|Any CPU.ActiveCfg = Debug|Any CPU
		{15B18557-1192-4E03-8543-E09036A291D0}.Debug|Any CPU.Build.0 = Debug|Any CPU
		{15B18557-1192-4E03-8543-E09036A291D0}.Release|Any CPU.ActiveCfg = Release|Any CPU
		{15B18557-1192-4E03-8543-E09036A291D0}.Release|Any CPU.Build.0 = Release|Any CPU
		{DE80BDF6-6A1D-43D6-B434-5C26CB8AB6A1}.Debug|Any CPU.ActiveCfg = Debug|Any CPU
		{DE80BDF6-6A1D-43D6-B434-5C26CB8AB6A1}.Debug|Any CPU.Build.0 = Debug|Any CPU
		{DE80BDF6-6A1D-43D6-B434-5C26CB8AB6A1}.Release|Any CPU.ActiveCfg = Release|Any CPU
		{DE80BDF6-6A1D-43D6-B434-5C26CB8AB6A1}.Release|Any CPU.Build.0 = Release|Any CPU
		{682EF254-5DB3-4D5C-AFAF-26A9803D998E}.Debug|Any CPU.ActiveCfg = Debug|Any CPU
		{682EF254-5DB3-4D5C-AFAF-26A9803D998E}.Debug|Any CPU.Build.0 = Debug|Any CPU
		{682EF254-5DB3-4D5C-AFAF-26A9803D998E}.Release|Any CPU.ActiveCfg = Release|Any CPU
		{682EF254-5DB3-4D5C-AFAF-26A9803D998E}.Release|Any CPU.Build.0 = Release|Any CPU
		{EC836A4B-6FFF-4FEB-8CA0-8E944165EE07}.Debug|Any CPU.ActiveCfg = Debug|Any CPU
		{EC836A4B-6FFF-4FEB-8CA0-8E944165EE07}.Debug|Any CPU.Build.0 = Debug|Any CPU
		{EC836A4B-6FFF-4FEB-8CA0-8E944165EE07}.Release|Any CPU.ActiveCfg = Release|Any CPU
		{EC836A4B-6FFF-4FEB-8CA0-8E944165EE07}.Release|Any CPU.Build.0 = Release|Any CPU
		{A86B9F26-31F6-4846-AF66-BE26A2D83845}.Debug|Any CPU.ActiveCfg = Debug|Any CPU
		{A86B9F26-31F6-4846-AF66-BE26A2D83845}.Debug|Any CPU.Build.0 = Debug|Any CPU
		{A86B9F26-31F6-4846-AF66-BE26A2D83845}.Release|Any CPU.ActiveCfg = Release|Any CPU
		{A86B9F26-31F6-4846-AF66-BE26A2D83845}.Release|Any CPU.Build.0 = Release|Any CPU
		{4335CEF7-B062-4D4B-ACFA-FCD45E204179}.Debug|Any CPU.ActiveCfg = Debug|Any CPU
		{4335CEF7-B062-4D4B-ACFA-FCD45E204179}.Debug|Any CPU.Build.0 = Debug|Any CPU
		{4335CEF7-B062-4D4B-ACFA-FCD45E204179}.Release|Any CPU.ActiveCfg = Release|Any CPU
		{4335CEF7-B062-4D4B-ACFA-FCD45E204179}.Release|Any CPU.Build.0 = Release|Any CPU
		{DD08A1FE-D716-4AA4-B538-801C026693BA}.Debug|Any CPU.ActiveCfg = Debug|Any CPU
		{DD08A1FE-D716-4AA4-B538-801C026693BA}.Debug|Any CPU.Build.0 = Debug|Any CPU
		{DD08A1FE-D716-4AA4-B538-801C026693BA}.Release|Any CPU.ActiveCfg = Release|Any CPU
		{DD08A1FE-D716-4AA4-B538-801C026693BA}.Release|Any CPU.Build.0 = Release|Any CPU
		{337E63B6-3D80-46FA-B7AA-6F80AEFA173E}.Debug|Any CPU.ActiveCfg = Debug|Any CPU
		{337E63B6-3D80-46FA-B7AA-6F80AEFA173E}.Debug|Any CPU.Build.0 = Debug|Any CPU
		{337E63B6-3D80-46FA-B7AA-6F80AEFA173E}.Release|Any CPU.ActiveCfg = Release|Any CPU
		{337E63B6-3D80-46FA-B7AA-6F80AEFA173E}.Release|Any CPU.Build.0 = Release|Any CPU
		{414DD0B8-253C-4D76-9650-AEA50CBF08DD}.Debug|Any CPU.ActiveCfg = Debug|Any CPU
		{414DD0B8-253C-4D76-9650-AEA50CBF08DD}.Debug|Any CPU.Build.0 = Debug|Any CPU
		{414DD0B8-253C-4D76-9650-AEA50CBF08DD}.Release|Any CPU.ActiveCfg = Release|Any CPU
		{414DD0B8-253C-4D76-9650-AEA50CBF08DD}.Release|Any CPU.Build.0 = Release|Any CPU
		{D292C4C3-1640-4A47-8544-E336206F4883}.Debug|Any CPU.ActiveCfg = Debug|Any CPU
		{D292C4C3-1640-4A47-8544-E336206F4883}.Debug|Any CPU.Build.0 = Debug|Any CPU
		{D292C4C3-1640-4A47-8544-E336206F4883}.Release|Any CPU.ActiveCfg = Release|Any CPU
		{D292C4C3-1640-4A47-8544-E336206F4883}.Release|Any CPU.Build.0 = Release|Any CPU
		{FA0CB24C-D463-4B15-AE24-541EB2D86592}.Debug|Any CPU.ActiveCfg = Debug|Any CPU
		{FA0CB24C-D463-4B15-AE24-541EB2D86592}.Debug|Any CPU.Build.0 = Debug|Any CPU
		{FA0CB24C-D463-4B15-AE24-541EB2D86592}.Release|Any CPU.ActiveCfg = Release|Any CPU
		{FA0CB24C-D463-4B15-AE24-541EB2D86592}.Release|Any CPU.Build.0 = Release|Any CPU
		{D9572FE9-E142-4B74-9AF7-3BED014AB05A}.Debug|Any CPU.ActiveCfg = Debug|Any CPU
		{D9572FE9-E142-4B74-9AF7-3BED014AB05A}.Debug|Any CPU.Build.0 = Debug|Any CPU
		{D9572FE9-E142-4B74-9AF7-3BED014AB05A}.Release|Any CPU.ActiveCfg = Release|Any CPU
		{D9572FE9-E142-4B74-9AF7-3BED014AB05A}.Release|Any CPU.Build.0 = Release|Any CPU
		{93D346D5-AA47-4F9C-839A-10238FB6A4B9}.Debug|Any CPU.ActiveCfg = Debug|Any CPU
		{93D346D5-AA47-4F9C-839A-10238FB6A4B9}.Debug|Any CPU.Build.0 = Debug|Any CPU
		{93D346D5-AA47-4F9C-839A-10238FB6A4B9}.Release|Any CPU.ActiveCfg = Release|Any CPU
		{93D346D5-AA47-4F9C-839A-10238FB6A4B9}.Release|Any CPU.Build.0 = Release|Any CPU
		{D2FEA1C2-F391-4B14-8C91-F78399AC66BC}.Debug|Any CPU.ActiveCfg = Debug|Any CPU
		{D2FEA1C2-F391-4B14-8C91-F78399AC66BC}.Debug|Any CPU.Build.0 = Debug|Any CPU
		{D2FEA1C2-F391-4B14-8C91-F78399AC66BC}.Release|Any CPU.ActiveCfg = Release|Any CPU
		{D2FEA1C2-F391-4B14-8C91-F78399AC66BC}.Release|Any CPU.Build.0 = Release|Any CPU
		{68BBCAAD-0616-4C0D-945B-273DE18B3D41}.Debug|Any CPU.ActiveCfg = Debug|Any CPU
		{68BBCAAD-0616-4C0D-945B-273DE18B3D41}.Debug|Any CPU.Build.0 = Debug|Any CPU
		{68BBCAAD-0616-4C0D-945B-273DE18B3D41}.Release|Any CPU.ActiveCfg = Release|Any CPU
		{68BBCAAD-0616-4C0D-945B-273DE18B3D41}.Release|Any CPU.Build.0 = Release|Any CPU
		{E63CA7A6-E944-4C6E-8AB6-49FF2C4073D5}.Debug|Any CPU.ActiveCfg = Debug|Any CPU
		{E63CA7A6-E944-4C6E-8AB6-49FF2C4073D5}.Debug|Any CPU.Build.0 = Debug|Any CPU
		{E63CA7A6-E944-4C6E-8AB6-49FF2C4073D5}.Release|Any CPU.ActiveCfg = Release|Any CPU
		{E63CA7A6-E944-4C6E-8AB6-49FF2C4073D5}.Release|Any CPU.Build.0 = Release|Any CPU
		{955FC501-4C95-4D5B-B9CC-CB312F39BEC8}.Debug|Any CPU.ActiveCfg = Debug|Any CPU
		{955FC501-4C95-4D5B-B9CC-CB312F39BEC8}.Debug|Any CPU.Build.0 = Debug|Any CPU
		{955FC501-4C95-4D5B-B9CC-CB312F39BEC8}.Release|Any CPU.ActiveCfg = Release|Any CPU
		{955FC501-4C95-4D5B-B9CC-CB312F39BEC8}.Release|Any CPU.Build.0 = Release|Any CPU
		{5B68EA41-8095-4D3E-9DF7-AA7F247EA432}.Debug|Any CPU.ActiveCfg = Debug|Any CPU
		{5B68EA41-8095-4D3E-9DF7-AA7F247EA432}.Debug|Any CPU.Build.0 = Debug|Any CPU
		{5B68EA41-8095-4D3E-9DF7-AA7F247EA432}.Release|Any CPU.ActiveCfg = Release|Any CPU
		{5B68EA41-8095-4D3E-9DF7-AA7F247EA432}.Release|Any CPU.Build.0 = Release|Any CPU
		{A27F5A2D-D11C-4F4C-AC67-3C621E059BFF}.Debug|Any CPU.ActiveCfg = Debug|Any CPU
		{A27F5A2D-D11C-4F4C-AC67-3C621E059BFF}.Debug|Any CPU.Build.0 = Debug|Any CPU
		{A27F5A2D-D11C-4F4C-AC67-3C621E059BFF}.Release|Any CPU.ActiveCfg = Release|Any CPU
		{A27F5A2D-D11C-4F4C-AC67-3C621E059BFF}.Release|Any CPU.Build.0 = Release|Any CPU
		{2D0EF626-E70D-4789-9391-D2349B3733AB}.Debug|Any CPU.ActiveCfg = Debug|Any CPU
		{2D0EF626-E70D-4789-9391-D2349B3733AB}.Debug|Any CPU.Build.0 = Debug|Any CPU
		{2D0EF626-E70D-4789-9391-D2349B3733AB}.Release|Any CPU.ActiveCfg = Release|Any CPU
		{2D0EF626-E70D-4789-9391-D2349B3733AB}.Release|Any CPU.Build.0 = Release|Any CPU
		{04227965-4DAF-49E9-9FA6-2A93311FE628}.Debug|Any CPU.ActiveCfg = Debug|Any CPU
		{04227965-4DAF-49E9-9FA6-2A93311FE628}.Debug|Any CPU.Build.0 = Debug|Any CPU
		{04227965-4DAF-49E9-9FA6-2A93311FE628}.Release|Any CPU.ActiveCfg = Release|Any CPU
		{04227965-4DAF-49E9-9FA6-2A93311FE628}.Release|Any CPU.Build.0 = Release|Any CPU
		{4532B2E5-35AA-403B-A68A-F464ACC916DB}.Debug|Any CPU.ActiveCfg = Debug|Any CPU
		{4532B2E5-35AA-403B-A68A-F464ACC916DB}.Debug|Any CPU.Build.0 = Debug|Any CPU
		{4532B2E5-35AA-403B-A68A-F464ACC916DB}.Release|Any CPU.ActiveCfg = Release|Any CPU
		{4532B2E5-35AA-403B-A68A-F464ACC916DB}.Release|Any CPU.Build.0 = Release|Any CPU
	EndGlobalSection
	GlobalSection(SolutionProperties) = preSolution
		HideSolutionNode = FALSE
	EndGlobalSection
	GlobalSection(NestedProjects) = preSolution
		{F53D8846-F68B-4B48-8148-7D3758BEB2C6} = {96B86468-0B88-4B75-B7DB-564FE5D2951C}
		{59E658EF-A6F0-45F3-8821-60F4FFE7A63B} = {96B86468-0B88-4B75-B7DB-564FE5D2951C}
		{15B18557-1192-4E03-8543-E09036A291D0} = {96B86468-0B88-4B75-B7DB-564FE5D2951C}
		{DE80BDF6-6A1D-43D6-B434-5C26CB8AB6A1} = {A206D397-5013-4ECB-9FDF-9858C4ED05AF}
		{682EF254-5DB3-4D5C-AFAF-26A9803D998E} = {A206D397-5013-4ECB-9FDF-9858C4ED05AF}
		{EC836A4B-6FFF-4FEB-8CA0-8E944165EE07} = {A206D397-5013-4ECB-9FDF-9858C4ED05AF}
		{A86B9F26-31F6-4846-AF66-BE26A2D83845} = {F51D49A5-C885-4F40-99D5-87296C757475}
		{4335CEF7-B062-4D4B-ACFA-FCD45E204179} = {F51D49A5-C885-4F40-99D5-87296C757475}
		{DD08A1FE-D716-4AA4-B538-801C026693BA} = {F51D49A5-C885-4F40-99D5-87296C757475}
		{337E63B6-3D80-46FA-B7AA-6F80AEFA173E} = {51F2EA3E-9ADA-4360-826B-90CA3E11019F}
		{414DD0B8-253C-4D76-9650-AEA50CBF08DD} = {51F2EA3E-9ADA-4360-826B-90CA3E11019F}
		{D292C4C3-1640-4A47-8544-E336206F4883} = {51F2EA3E-9ADA-4360-826B-90CA3E11019F}
		{FA0CB24C-D463-4B15-AE24-541EB2D86592} = {71E30B0A-9DBC-415E-9CEB-534A1F2E97D7}
		{D9572FE9-E142-4B74-9AF7-3BED014AB05A} = {71E30B0A-9DBC-415E-9CEB-534A1F2E97D7}
		{93D346D5-AA47-4F9C-839A-10238FB6A4B9} = {71E30B0A-9DBC-415E-9CEB-534A1F2E97D7}
		{D2FEA1C2-F391-4B14-8C91-F78399AC66BC} = {C92824F4-3C4F-46D6-B478-D9BFF1223418}
		{68BBCAAD-0616-4C0D-945B-273DE18B3D41} = {C92824F4-3C4F-46D6-B478-D9BFF1223418}
		{E63CA7A6-E944-4C6E-8AB6-49FF2C4073D5} = {C92824F4-3C4F-46D6-B478-D9BFF1223418}
		{955FC501-4C95-4D5B-B9CC-CB312F39BEC8} = {A7071DF9-1553-49D5-B295-D7012FCBC8AF}
		{5B68EA41-8095-4D3E-9DF7-AA7F247EA432} = {A7071DF9-1553-49D5-B295-D7012FCBC8AF}
		{A27F5A2D-D11C-4F4C-AC67-3C621E059BFF} = {A7071DF9-1553-49D5-B295-D7012FCBC8AF}
		{2D0EF626-E70D-4789-9391-D2349B3733AB} = {4BC8D433-5A0C-48A9-82C5-EA789CC63F01}
		{04227965-4DAF-49E9-9FA6-2A93311FE628} = {4BC8D433-5A0C-48A9-82C5-EA789CC63F01}
		{4532B2E5-35AA-403B-A68A-F464ACC916DB} = {4BC8D433-5A0C-48A9-82C5-EA789CC63F01}
	EndGlobalSection
EndGlobal
